{
    "_meta": {
        "hash": {
            "sha256": "460deaef9f948bf337065fb0be8216eee1818fd850eee6c1c18a076d7a6246e6"
        },
        "pipfile-spec": 6,
        "requires": {
            "python_version": "3.7"
        },
        "sources": [
            {
                "name": "pypi",
                "url": "https://pypi.org/simple",
                "verify_ssl": true
            }
        ]
    },
    "default": {
        "aspy.yaml": {
            "hashes": [
                "sha256:19dd2ee74f96b72a3096d78be1a872914c70982299cda137725478954870a896",
                "sha256:5eaaacd0886e8b581f0e4ff383fb6504720bb2b3c7be17307724246261a41adf"
            ],
            "version": "==1.1.2"
        },
        "cfgv": {
            "hashes": [
                "sha256:39d9055c47e3932908fe25abd5807e21dc002630db01c7a5f05738d027e2b706",
                "sha256:41d22dd864c474f919ecb88900000d2410d640315f75bdb79b3abf9347089641"
            ],
            "version": "==1.4.0"
        },
        "identify": {
            "hashes": [
                "sha256:0749c74180ef0f6a3874eaa0bf89a6990a523233180e83e6f3c7c27312ac9ba3",
                "sha256:1cf14bc0324d83a742f558051db0c2cbe15d8b9ae1c59dfefbe38935f1d1ee31"
            ],
            "version": "==1.2.1"
        },
        "importlib-metadata": {
            "hashes": [
                "sha256:a17ce1a8c7bff1e8674cb12c992375d8d0800c9190177ecf0ad93e0097224095",
                "sha256:b50191ead8c70adfa12495fba19ce6d75f2e0275c14c5a7beb653d6799b512bd"
            ],
            "version": "==0.8"
        },
        "nodeenv": {
            "hashes": [
                "sha256:ad8259494cf1c9034539f6cced78a1da4840a4b157e23640bc4a0c0546b0cb7a"
            ],
            "version": "==1.3.3"
        },
        "pre-commit": {
            "hashes": [
                "sha256:2cb7a588fdc78e4ec4e624932765e65d285159f4b3425121106cbd9060e40e04",
                "sha256:74ee5779a17ef540efdf9a832911fe9057b1bb57d5d0152eace6534a228a863b"
            ],
            "index": "pypi",
            "version": "==1.14.2"
        },
        "pyyaml": {
            "hashes": [
                "sha256:254bf6fda2b7c651837acb2c718e213df29d531eebf00edb54743d10bcb694eb",
                "sha256:3108529b78577327d15eec243f0ff348a0640b0c3478d67ad7f5648f93bac3e2",
                "sha256:3c17fb92c8ba2f525e4b5f7941d850e7a48c3a59b32d331e2502a3cdc6648e76",
                "sha256:8d6d96001aa7f0a6a4a95e8143225b5d06e41b1131044913fecb8f85a125714b",
                "sha256:c8a88edd93ee29ede719080b2be6cb2333dfee1dccba213b422a9c8e97f2967b"
            ],
            "index": "pypi",
            "version": "==4.2b4"
        },
        "six": {
            "hashes": [
                "sha256:3350809f0555b11f552448330d0b52d5f24c91a322ea4a15ef22629740f3761c",
                "sha256:d16a0141ec1a18405cd4ce8b4613101da75da0e9a7aec5bdd4fa804d0e0eba73"
            ],
            "version": "==1.12.0"
        },
        "toml": {
            "hashes": [
                "sha256:229f81c57791a41d65e399fc06bf0848bab550a9dfd5ed66df18ce5f05e73d5c",
                "sha256:235682dd292d5899d361a811df37e04a8828a5b1da3115886b73cf81ebc9100e"
            ],
            "version": "==0.10.0"
        },
        "virtualenv": {
            "hashes": [
                "sha256:58c359370401e0af817fb0070911e599c5fdc836166306b04fd0f278151ed125",
                "sha256:729f0bcab430e4ef137646805b5b1d8efbb43fe53d4a0f33328624a84a5121f7"
            ],
            "version": "==16.3.0"
        },
        "zipp": {
            "hashes": [
                "sha256:55ca87266c38af6658b84db8cfb7343cdb0bf275f93c7afaea0d8e7a209c7478",
                "sha256:682b3e1c62b7026afe24eadf6be579fb45fec54c07ea218bded8092af07a68c4"
            ],
            "version": "==0.3.3"
        }
    },
    "develop": {}
}
